Microsoft Visual Studio Solution File, Format Version 8.00
Project("{8BC9CEB8-8B4A-11D0-8D11-00A0C91BC942}") = "simpleplayFP", "simpleplayFP.vcproj", "{C68D42EB-5AAB-4F61-9930-25A19B762FE3}"
	ProjectSection(ProjectDependencies) = postProject
		{4A0C8694-4789-4A62-A481-50CFE63041BE} = {4A0C8694-4789-4A62-A481-50CFE63041BE}
	EndProjectSection
EndProject
Project("{8BC9CEB8-8B4A-11D0-8D11-00A0C91BC942}") = "libmikmod", "..\..\..\win32\VC7.1\libmikmod.vcproj", "{4A0C8694-4789-4A62-A481-50CFE63041BE}"
	ProjectSection(ProjectDependencies) = postProject
	EndProjectSection
EndProject
Global
	GlobalSection(SolutionConfiguration) = preSolution
		Debug = Debug
		Release = Release
	EndGlobalSection
	GlobalSection(ProjectConfiguration) = postSolution
		{C68D42EB-5AAC-4F61-9930-25A19B762FE3}.Debug.ActiveCfg = Debug|Win32
		{C68D42EB-5AAC-4F61-9930-25A19B762FE3}.Debug.Build.0 = Debug|Win32
		{C68D42EB-5AAC-4F61-9930-25A19B762FE3}.Release.ActiveCfg = Release|Win32
		{C68D42EB-5AAC-4F61-9930-25A19B762FE3}.Release.Build.0 = Release|Win32
		{4A0C8694-4789-4A62-A481-50CFE63041BE}.Debug.ActiveCfg = Debug|Win32
		{4A0C8694-4789-4A62-A481-50CFE63041BE}.Debug.Build.0 = Debug|Win32
		{4A0C8694-4789-4A62-A481-50CFE63041BE}.Release.ActiveCfg = Release|Win32
		{4A0C8694-4789-4A62-A481-50CFE63041BE}.Release.Build.0 = Release|Win32
	EndGlobalSection
	GlobalSection(ExtensibilityGlobals) = postSolution
	EndGlobalSection
	GlobalSection(ExtensibilityAddIns) = postSolution
	EndGlobalSection
EndGlobal
