// !$*UTF8*$!
{
	archiveVersion = 1;
	classes = {
	};
	objectVersion = 46;
	objects = {

/* Begin PBXGroup section */
		65C78BA013FC628C00D5EEA9 = {
			isa = PBXGroup;
			children = (
			);
			sourceTree = "<group>";
		};
/* End PBXGroup section */

/* Begin PBXLegacyTarget section */
		65C78BA713FC628C00D5EEA9 /* HippoPlayer */ = {
			isa = PBXLegacyTarget;
			buildArgumentsString = "$(ACTION)";
			buildConfigurationList = 65C78BAA13FC628C00D5EEA9 /* Build configuration list for PBXLegacyTarget "HippoPlayer" */;
			buildPhases = (
			);
			buildToolPath = /Users/daniel/code/HippoPlayer/bin/macosx/tundra;
			buildWorkingDirectory = "";
			dependencies = (
			);
			name = HippoPlayer;
			passBuildSettingsInEnvironment = 1;
			productName = HippoPlayer;
		};
/* End PBXLegacyTarget section */

/* Begin PBXProject section */
		65C78BA213FC628C00D5EEA9 /* Project object */ = {
			isa = PBXProject;
			attributes = {
				ORGANIZATIONNAME = TBL;
			};
			buildConfigurationList = 65C78BA513FC628C00D5EEA9 /* Build configuration list for PBXProject "HippoPlayer" */;
			compatibilityVersion = "Xcode 3.2";
			developmentRegion = English;
			hasScannedForEncodings = 0;
			knownRegions = (
				en,
			);
			mainGroup = 65C78BA013FC628C00D5EEA9;
			projectDirPath = "";
			projectRoot = "";
			targets = (
				65C78BA713FC628C00D5EEA9 /* HippoPlayer */,
			);
		};
/* End PBXProject section */

/* Begin XCBuildConfiguration section */
		65C78BA813FC628C00D5EEA9 /* Debug */ = {
			isa = XCBuildConfiguration;
			buildSettings = {
				ALWAYS_SEARCH_USER_PATHS = NO;
				ARCHS = "$(ARCHS_STANDARD_64_BIT)";
				COPY_PHASE_STRIP = NO;
				GCC_C_LANGUAGE_STANDARD = gnu99;
				GCC_DYNAMIC_NO_PIC = NO;
				GCC_ENABLE_OBJC_EXCEPTIONS = YES;
				GCC_OPTIMIZATION_LEVEL = 0;
				GCC_PREPROCESSOR_DEFINITIONS = (
					"DEBUG=1",
					"$(inherited)",
				);
				GCC_SYMBOLS_PRIVATE_EXTERN = NO;
				GCC_VERSION = com.apple.compilers.llvm.clang.1_0;
				GCC_WARN_64_TO_32_BIT_CONVERSION = YES;
				GCC_WARN_ABOUT_MISSING_PROTOTYPES = YES;
				GCC_WARN_ABOUT_RETURN_TYPE = YES;
				GCC_WARN_UNUSED_VARIABLE = YES;
				MACOSX_DEPLOYMENT_TARGET = 10.7;
				ONLY_ACTIVE_ARCH = YES;
				SDKROOT = macosx;
			};
			name = Debug;
		};
		65C78BA913FC628C00D5EEA9 /* Release */ = {
			isa = XCBuildConfiguration;
			buildSettings = {
				ALWAYS_SEARCH_USER_PATHS = NO;
				ARCHS = "$(ARCHS_STANDARD_64_BIT)";
				COPY_PHASE_STRIP = YES;
				DEBUG_INFORMATION_FORMAT = "dwarf-with-dsym";
				GCC_C_LANGUAGE_STANDARD = gnu99;
				GCC_ENABLE_OBJC_EXCEPTIONS = YES;
				GCC_VERSION = com.apple.compilers.llvm.clang.1_0;
				GCC_WARN_64_TO_32_BIT_CONVERSION = YES;
				GCC_WARN_ABOUT_MISSING_PROTOTYPES = YES;
				GCC_WARN_ABOUT_RETURN_TYPE = YES;
				GCC_WARN_UNUSED_VARIABLE = YES;
				MACOSX_DEPLOYMENT_TARGET = 10.7;
				SDKROOT = macosx;
			};
			name = Release;
		};
		65C78BAB13FC628C00D5EEA9 /* Debug */ = {
			isa = XCBuildConfiguration;
			buildSettings = {
				DEBUGGING_SYMBOLS = YES;
				GCC_GENERATE_DEBUGGING_SYMBOLS = YES;
				GCC_OPTIMIZATION_LEVEL = 0;
				OTHER_CFLAGS = "";
				OTHER_LDFLAGS = "";
				PRODUCT_NAME = player;
			};
			name = Debug;
		};
		65C78BAC13FC628C00D5EEA9 /* Release */ = {
			isa = XCBuildConfiguration;
			buildSettings = {
				OTHER_CFLAGS = "";
				OTHER_LDFLAGS = "";
				PRODUCT_NAME = player;
			};
			name = Release;
		};
/* End XCBuildConfiguration section */

/* Begin XCConfigurationList section */
		65C78BA513FC628C00D5EEA9 /* Build configuration list for PBXProject "HippoPlayer" */ = {
			isa = XCConfigurationList;
			buildConfigurations = (
				65C78BA813FC628C00D5EEA9 /* Debug */,
				65C78BA913FC628C00D5EEA9 /* Release */,
			);
			defaultConfigurationIsVisible = 0;
			defaultConfigurationName = Release;
		};
		65C78BAA13FC628C00D5EEA9 /* Build configuration list for PBXLegacyTarget "HippoPlayer" */ = {
			isa = XCConfigurationList;
			buildConfigurations = (
				65C78BAB13FC628C00D5EEA9 /* Debug */,
				65C78BAC13FC628C00D5EEA9 /* Release */,
			);
			defaultConfigurationIsVisible = 0;
		};
/* End XCConfigurationList section */
	};
	rootObject = 65C78BA213FC628C00D5EEA9 /* Project object */;
}
