# This file is automatically @generated by Cargo.
# It is not intended for manual editing.
version = 3

[[package]]
name = "flatbuffers"
version = "0.6.1"
source = "registry+https://github.com/rust-lang/crates.io-index"
checksum = "a788f068dd10687940565bf4b5480ee943176cbd114b12e811074bcf7c04e4b9"
dependencies = [
 "smallvec",
]

[[package]]
name = "messages"
version = "0.1.0"
dependencies = [
 "flatbuffers",
]

[[package]]
name = "smallvec"
version = "1.8.0"
source = "registry+https://github.com/rust-lang/crates.io-index"
checksum = "f2dd574626839106c320a323308629dcb1acfc96e32a8cba364ddc61ac23ee83"
