# This file is automatically @generated by Cargo.
# It is not intended for manual editing.
[[package]]
name = "flatbuffers"
version = "0.6.1"
source = "registry+https://github.com/rust-lang/crates.io-index"
dependencies = [
 "smallvec 1.2.0 (registry+https://github.com/rust-lang/crates.io-index)",
]

[[package]]
name = "messages"
version = "0.1.0"
dependencies = [
 "flatbuffers 0.6.1 (registry+https://github.com/rust-lang/crates.io-index)",
]

[[package]]
name = "smallvec"
version = "1.2.0"
source = "registry+https://github.com/rust-lang/crates.io-index"

[metadata]
"checksum flatbuffers 0.6.1 (registry+https://github.com/rust-lang/crates.io-index)" = "a788f068dd10687940565bf4b5480ee943176cbd114b12e811074bcf7c04e4b9"
"checksum smallvec 1.2.0 (registry+https://github.com/rust-lang/crates.io-index)" = "5c2fb2ec9bcd216a5b0d0ccf31ab17b5ed1d627960edff65bbe95d3ce221cefc"
