# This file is automatically @generated by Cargo.
# It is not intended for manual editing.
[[package]]
name = "config"
version = "0.1.0"
dependencies = [
 "lexpr",
]

[[package]]
name = "itoa"
version = "0.4.5"
source = "registry+https://github.com/rust-lang/crates.io-index"
checksum = "b8b7a7c0c47db5545ed3fef7468ee7bb5b74691498139e4b3f6a20685dc6dd8e"

[[package]]
name = "lexpr"
version = "0.2.4"
source = "registry+https://github.com/rust-lang/crates.io-index"
checksum = "2ab101919962a12ffdaf7170f0943715a9d47f35a9753986028c305183bbf1a6"
dependencies = [
 "itoa",
 "lexpr-macros",
 "proc-macro-hack",
 "ryu",
]

[[package]]
name = "lexpr-macros"
version = "0.2.1"
source = "registry+https://github.com/rust-lang/crates.io-index"
checksum = "cd627fb38e19c00d8d068618259205f7a91c91aeade5c15bc35dbca037bb1c35"
dependencies = [
 "proc-macro-hack",
 "proc-macro2",
 "quote",
]

[[package]]
name = "proc-macro-hack"
version = "0.5.15"
source = "registry+https://github.com/rust-lang/crates.io-index"
checksum = "0d659fe7c6d27f25e9d80a1a094c223f5246f6a6596453e09d7229bf42750b63"

[[package]]
name = "proc-macro2"
version = "1.0.10"
source = "registry+https://github.com/rust-lang/crates.io-index"
checksum = "df246d292ff63439fea9bc8c0a270bed0e390d5ebd4db4ba15aba81111b5abe3"
dependencies = [
 "unicode-xid",
]

[[package]]
name = "quote"
version = "1.0.3"
source = "registry+https://github.com/rust-lang/crates.io-index"
checksum = "2bdc6c187c65bca4260c9011c9e3132efe4909da44726bad24cf7572ae338d7f"
dependencies = [
 "proc-macro2",
]

[[package]]
name = "ryu"
version = "1.0.3"
source = "registry+https://github.com/rust-lang/crates.io-index"
checksum = "535622e6be132bccd223f4bb2b8ac8d53cda3c7a6394944d3b2b33fb974f9d76"

[[package]]
name = "unicode-xid"
version = "0.2.0"
source = "registry+https://github.com/rust-lang/crates.io-index"
checksum = "826e7639553986605ec5979c7dd957c7895e93eabed50ab2ffa7f6128a75097c"
